# Generated by dotask. Commit this file with your project tasks.
version: 1
directory: .tasks
tasks:
  _/dotnet/build:
    source: _
    revision: 37d4671abbb03d7b1f53a344a2208d1505ac03a9cf5c9cf57478f1d0d9e18640
    requires:
    - _/dotnet/restore
    files:
      _/dotnet/build.cs: 43e2e4208cc7df2cf95eb61bfafb021b267936fc6e96f0121ca37936d76ffda3
  _/dotnet/check:
    source: _
    revision: bffda71051a47b318d245396cce41fb446e683bff124b543a032d9b4ffcfe000
    requires: []
    files:
      _/dotnet/check.cs: 5271de609544ccd428cb01a710da20f670236c68185e8ad2bab987b93305521d
  _/dotnet/clean:
    source: _
    revision: d3ac9497926e7f2cff5b0ec724cccf44acdc94a3e643152e32f5594f1296063b
    requires: []
    files:
      _/dotnet/clean.cs: 49c33b2bdb77c4675b01d62293ece03bd803cdf9b43326219e6fb51bef69aa64
  _/dotnet/format:
    source: _
    revision: 06ef7099c3ed46f527e925b332f706d722a4d9f52e0271a4f469d46ed61a411f
    requires: []
    files:
      _/dotnet/format.cs: ea70e7076ecf03648cb152c9522be95701a44578bd0edaac5214ec48dfc66ee5
  _/dotnet/install:
    source: _
    revision: c43378d9ff7976b80e8561a8c438b434a7a6dcb96d59532d6cf6366330105105
    requires: []
    files:
      _/dotnet/install.cs: 0279bebf58253c5dd950190e4c8415e917c81bc4f632201df13593715bb28330
  _/dotnet/pack:
    source: _
    revision: 80cd3f24e7a40e3a089d845f80eb24cf840b53b338019565d5fd13f3f9d58ac2
    requires: []
    files:
      _/dotnet/pack.cs: 9272f1880bf3a05237a513b3ba02f4e064ff062fcf6931749bbdfc6e4179caf8
  _/dotnet/publish:
    source: _
    revision: 350e454529d9ae1e540750c4bf95b927046f9cf19981d04747caa6ef2ab77055
    requires: []
    files:
      _/dotnet/publish.cs: 471803f7615b4dc443a2cae67a0b8cf108a00af5e83a767145d3d6d3f8fd21af
  _/dotnet/restore:
    source: _
    revision: c31e8dc97df00ded3a87a90d59f5a08c24226535e0a6593ad9f4aaceee0a34e0
    requires: []
    files:
      _/dotnet/restore.cs: c9b9e9603ba82820482cdf4ce4452a811a143193cbe84d5faeea6413e13c3b01
  _/dotnet/run:
    source: _
    revision: 973d54d0e4ad9fca46da1a3ba4094b607407cc958759cb384f12bdc89bf241cc
    requires: []
    files:
      _/dotnet/run.cs: 648ffdf0e97ce1267f9c7ec5aff5fdf0e02ddef919bb4cbadb34e1596202f716
  _/dotnet/test:
    source: _
    revision: ba83c6f4d0c8cd2b0db8fb079ab7b91b0e7a30591414aa370e8dd1d32f25f025
    requires: []
    files:
      _/dotnet/test.cs: 57cfa1d1f229d3d8b0b5443c4191ecab39e748746ae74c2dfec42b48389fef09
  _/dotnet/verify:
    source: _
    revision: de4d9a1c8689c0c923e5daecdc74dabd1c0699cc0e259574866781c590fb5cbd
    requires: []
    files:
      _/dotnet/verify.cs: 213f093dafb8201d0e742283497f43d9ad2d02d710e9a3828d63094623e72715
  _/git/check:
    source: _
    revision: 9959b6ae5f93b99202a7da0c4b49dfc483a6791975b2b85ab31f7a4ef0c427f9
    requires: []
    files:
      _/git/check.cs: eae0a3cab76d0b16406bb8748a89ba7734f83df0cbe48e5c0d6e31d93f52014a
  _/text/fixeol:
    source: _
    revision: 3cf8286cda62333c72db79b00e127c63777a17ae583c685660505177dcca077e
    requires: []
    files:
      _/text/fixeol.cs: 436be36f0a59d8a9c0ae0d2a12b37c4df8a6b402c6fc0488a7f6e657cb62c922
